GIT
  remote: git://github.com/intridea/grape.git
  revision: 346fb940d1266d43db95688522ea0109cb091631
  ref: 346fb94
  specs:
    grape (0.2.0)
      hashie (~> 1.2)
      multi_json
      multi_xml
      rack
      rack-mount

GIT
  remote: https://github.com/brynary/rack-test.git
  revision: cab8eb929b45d9e32474fad1b6806c2ab8f6bea8
  ref: cab8eb929b
  specs:
    rack-test (0.6.1)
      rack (>= 1.0)

GEM
  specs:
    bson (1.6.2)
    bson_ext (1.6.2)
      bson (~> 1.6.2)
    diff-lcs (1.1.3)
    hashie (1.2.0)
    json (1.5.1)
    mongo (1.6.2)
      bson (~> 1.6.2)
    multi_json (1.3.5)
    multi_xml (0.5.1)
    rack (1.4.1)
    rack-cors (0.2.6)
      rack
    rack-mount (0.8.3)
      rack (>= 1.0.0)
    rspec (2.10.0)
      rspec-core (~> 2.10.0)
      rspec-expectations (~> 2.10.0)
      rspec-mocks (~> 2.10.0)
    rspec-core (2.10.1)
    rspec-expectations (2.10.0)
      diff-lcs (~> 1.1.3)
    rspec-mocks (2.10.1)

PLATFORMS
  ruby

DEPENDENCIES
  bson
  bson_ext
  grape!
  json
  mongo
  rack-cors
  rack-test!
  rspec
